
Microsoft Visual Studio Solution File, Format Version 12.00
# Visual Studio 15
VisualStudioVersion = 15.0.27130.2024
MinimumVisualStudioVersion = 10.0.40219.1
Project("{9A19103F-16F7-4668-BE54-9A1E7A4F7556}") = "BattleShipsBLL", "BattleShipsBLL\BattleShipsBLL.csproj", "{B40A1165-ACA2-476D-BBAB-BB4A22A20CA1}"
EndProject
Project("{9A19103F-16F7-4668-BE54-9A1E7A4F7556}") = "BattleShipsBLLTest", "BattleShipsTest\BattleShipsBLLTest.csproj", "{CEEB6B3E-AE50-4FEF-91B2-933DD20D570C}"
EndProject
Project("{9A19103F-16F7-4668-BE54-9A1E7A4F7556}") = "BattleShipsConsole", "BattleShipsConsole\BattleShipsConsole.csproj", "{CD8125FA-3CB9-4FBB-A3E1-D1D64DB3D532}"
	ProjectSection(ProjectDependencies) = postProject
		{CEEB6B3E-AE50-4FEF-91B2-933DD20D570C} = {CEEB6B3E-AE50-4FEF-91B2-933DD20D570C}
	EndProjectSection
EndProject
Project("{FAE04EC0-301F-11D3-BF4B-00C04F79EFBC}") = "BattleShipsBLL.Tests.Unit", "BattleShipsBLL.Tests.Unit\BattleShipsBLL.Tests.Unit.csproj", "{B7FDDF2C-DDF6-4F26-B133-BC9DEB58A6A0}"
EndProject
Global
	GlobalSection(SolutionConfigurationPlatforms) = preSolution
		Debug|Any CPU = Debug|Any CPU
		Release|Any CPU = Release|Any CPU
	EndGlobalSection
	GlobalSection(ProjectConfigurationPlatforms) = postSolution
		{B40A1165-ACA2-476D-BBAB-BB4A22A20CA1}.Debug|Any CPU.ActiveCfg = Debug|Any CPU
		{B40A1165-ACA2-476D-BBAB-BB4A22A20CA1}.Debug|Any CPU.Build.0 = Debug|Any CPU
		{B40A1165-ACA2-476D-BBAB-BB4A22A20CA1}.Release|Any CPU.ActiveCfg = Release|Any CPU
		{B40A1165-ACA2-476D-BBAB-BB4A22A20CA1}.Release|Any CPU.Build.0 = Release|Any CPU
		{CEEB6B3E-AE50-4FEF-91B2-933DD20D570C}.Debug|Any CPU.ActiveCfg = Debug|Any CPU
		{CEEB6B3E-AE50-4FEF-91B2-933DD20D570C}.Debug|Any CPU.Build.0 = Debug|Any CPU
		{CEEB6B3E-AE50-4FEF-91B2-933DD20D570C}.Release|Any CPU.ActiveCfg = Release|Any CPU
		{CEEB6B3E-AE50-4FEF-91B2-933DD20D570C}.Release|Any CPU.Build.0 = Release|Any CPU
		{CD8125FA-3CB9-4FBB-A3E1-D1D64DB3D532}.Debug|Any CPU.ActiveCfg = Debug|Any CPU
		{CD8125FA-3CB9-4FBB-A3E1-D1D64DB3D532}.Debug|Any CPU.Build.0 = Debug|Any CPU
		{CD8125FA-3CB9-4FBB-A3E1-D1D64DB3D532}.Release|Any CPU.ActiveCfg = Release|Any CPU
		{CD8125FA-3CB9-4FBB-A3E1-D1D64DB3D532}.Release|Any CPU.Build.0 = Release|Any CPU
		{B7FDDF2C-DDF6-4F26-B133-BC9DEB58A6A0}.Debug|Any CPU.ActiveCfg = Debug|Any CPU
		{B7FDDF2C-DDF6-4F26-B133-BC9DEB58A6A0}.Debug|Any CPU.Build.0 = Debug|Any CPU
		{B7FDDF2C-DDF6-4F26-B133-BC9DEB58A6A0}.Release|Any CPU.ActiveCfg = Release|Any CPU
		{B7FDDF2C-DDF6-4F26-B133-BC9DEB58A6A0}.Release|Any CPU.Build.0 = Release|Any CPU
	EndGlobalSection
	GlobalSection(SolutionProperties) = preSolution
		HideSolutionNode = FALSE
	EndGlobalSection
	GlobalSection(ExtensibilityGlobals) = postSolution
		SolutionGuid = {27004EDA-06C1-4208-A044-75F219200DBB}
	EndGlobalSection
EndGlobal
